
Microsoft Visual Studio Solution File, Format Version 12.00
# Visual Studio Version 16
VisualStudioVersion = 16.0.30225.117
MinimumVisualStudioVersion = 10.0.40219.1
Project("{FAE04EC0-301F-11D3-BF4B-00C04F79EFBC}") = "FunctionApp", "FunctionApp\FunctionApp.csproj", "{65924B34-4BC4-4033-A7AE-B259FE51A3AD}"
EndProject
Global
	GlobalSection(SolutionConfigurationPlatforms) = preSolution
		Debug|Any CPU = Debug|Any CPU
		Release|Any CPU = Release|Any CPU
	EndGlobalSection
	GlobalSection(ProjectConfigurationPlatforms) = postSolution
		{65924B34-4BC4-4033-A7AE-B259FE51A3AD}.Debug|Any CPU.ActiveCfg = Debug|Any CPU
		{65924B34-4BC4-4033-A7AE-B259FE51A3AD}.Debug|Any CPU.Build.0 = Debug|Any CPU
		{65924B34-4BC4-4033-A7AE-B259FE51A3AD}.Release|Any CPU.ActiveCfg = Release|Any CPU
		{65924B34-4BC4-4033-A7AE-B259FE51A3AD}.Release|Any CPU.Build.0 = Release|Any CPU
	EndGlobalSection
	GlobalSection(SolutionProperties) = preSolution
		HideSolutionNode = FALSE
	EndGlobalSection
	GlobalSection(ExtensibilityGlobals) = postSolution
		SolutionGuid = {2518D061-C29B-486E-8631-3C2D977857E0}
	EndGlobalSection
EndGlobal
